
Microsoft Visual Studio Solution File, Format Version 12.00
# Visual Studio Version 16
VisualStudioVersion = 16.0.30413.136
MinimumVisualStudioVersion = 10.0.40219.1
Project("{FAE04EC0-301F-11D3-BF4B-00C04F79EFBC}") = "WinFormContacts", "WinFormContacts.csproj", "{0341FFFA-C303-4239-A29C-79A58A20ADDF}"
EndProject
Global
	GlobalSection(SolutionConfigurationPlatforms) = preSolution
		Debug|Any CPU = Debug|Any CPU
		Release|Any CPU = Release|Any CPU
	EndGlobalSection
	GlobalSection(ProjectConfigurationPlatforms) = postSolution
		{0341FFFA-C303-4239-A29C-79A58A20ADDF}.Debug|Any CPU.ActiveCfg = Debug|Any CPU
		{0341FFFA-C303-4239-A29C-79A58A20ADDF}.Debug|Any CPU.Build.0 = Debug|Any CPU
		{0341FFFA-C303-4239-A29C-79A58A20ADDF}.Release|Any CPU.ActiveCfg = Release|Any CPU
		{0341FFFA-C303-4239-A29C-79A58A20ADDF}.Release|Any CPU.Build.0 = Release|Any CPU
	EndGlobalSection
	GlobalSection(SolutionProperties) = preSolution
		HideSolutionNode = FALSE
	EndGlobalSection
	GlobalSection(ExtensibilityGlobals) = postSolution
		SolutionGuid = {6F39F35A-9959-43F7-AC66-C9ED36343F65}
	EndGlobalSection
EndGlobal
